
Microsoft Visual Studio Solution File, Format Version 12.00
# Visual Studio Version 16
VisualStudioVersion = 16.0.30709.132
MinimumVisualStudioVersion = 10.0.40219.1
Project("{9A19103F-16F7-4668-BE54-9A1E7A4F7556}") = "RealTimeDashboard", "RealTimeDashboard\RealTimeDashboard.csproj", "{9332FEB2-B3E5-4157-B31F-6E5E1A59CE75}"
EndProject
Project("{9A19103F-16F7-4668-BE54-9A1E7A4F7556}") = "BlazorDashboard", "BlazorDashboard\BlazorDashboard.csproj", "{F8B6652A-69D5-4D4E-AACC-46CA89CC7D80}"
EndProject
Project("{9A19103F-16F7-4668-BE54-9A1E7A4F7556}") = "RealTimeDashboard.Shared", "RealTimeDashboard.Shared\RealTimeDashboard.Shared.csproj", "{43291C67-BD3C-4B2F-9DF5-52B1E3D9562F}"
EndProject
Project("{9A19103F-16F7-4668-BE54-9A1E7A4F7556}") = "CosmosDbCrudTrigger", "CosmosDbCrudTrigger\CosmosDbCrudTrigger.csproj", "{2A273709-BD47-4097-A15F-19AEF4A8F0C5}"
EndProject
Global
	GlobalSection(SolutionConfigurationPlatforms) = preSolution
		Debug|Any CPU = Debug|Any CPU
		Release|Any CPU = Release|Any CPU
	EndGlobalSection
	GlobalSection(ProjectConfigurationPlatforms) = postSolution
		{9332FEB2-B3E5-4157-B31F-6E5E1A59CE75}.Debug|Any CPU.ActiveCfg = Debug|Any CPU
		{9332FEB2-B3E5-4157-B31F-6E5E1A59CE75}.Debug|Any CPU.Build.0 = Debug|Any CPU
		{9332FEB2-B3E5-4157-B31F-6E5E1A59CE75}.Release|Any CPU.ActiveCfg = Release|Any CPU
		{9332FEB2-B3E5-4157-B31F-6E5E1A59CE75}.Release|Any CPU.Build.0 = Release|Any CPU
		{F8B6652A-69D5-4D4E-AACC-46CA89CC7D80}.Debug|Any CPU.ActiveCfg = Debug|Any CPU
		{F8B6652A-69D5-4D4E-AACC-46CA89CC7D80}.Debug|Any CPU.Build.0 = Debug|Any CPU
		{F8B6652A-69D5-4D4E-AACC-46CA89CC7D80}.Release|Any CPU.ActiveCfg = Release|Any CPU
		{F8B6652A-69D5-4D4E-AACC-46CA89CC7D80}.Release|Any CPU.Build.0 = Release|Any CPU
		{43291C67-BD3C-4B2F-9DF5-52B1E3D9562F}.Debug|Any CPU.ActiveCfg = Debug|Any CPU
		{43291C67-BD3C-4B2F-9DF5-52B1E3D9562F}.Debug|Any CPU.Build.0 = Debug|Any CPU
		{43291C67-BD3C-4B2F-9DF5-52B1E3D9562F}.Release|Any CPU.ActiveCfg = Release|Any CPU
		{43291C67-BD3C-4B2F-9DF5-52B1E3D9562F}.Release|Any CPU.Build.0 = Release|Any CPU
		{2A273709-BD47-4097-A15F-19AEF4A8F0C5}.Debug|Any CPU.ActiveCfg = Debug|Any CPU
		{2A273709-BD47-4097-A15F-19AEF4A8F0C5}.Debug|Any CPU.Build.0 = Debug|Any CPU
		{2A273709-BD47-4097-A15F-19AEF4A8F0C5}.Release|Any CPU.ActiveCfg = Release|Any CPU
		{2A273709-BD47-4097-A15F-19AEF4A8F0C5}.Release|Any CPU.Build.0 = Release|Any CPU
	EndGlobalSection
	GlobalSection(SolutionProperties) = preSolution
		HideSolutionNode = FALSE
	EndGlobalSection
	GlobalSection(ExtensibilityGlobals) = postSolution
		SolutionGuid = {608DAE4C-5B87-43D5-8BF1-23D752236D57}
	EndGlobalSection
EndGlobal
